PODS:
  - Alamofire (3.2.1)
  - Bolts (1.6.0):
    - Bolts/AppLinks (= 1.6.0)
    - Bolts/Tasks (= 1.6.0)
  - Bolts/AppLinks (1.6.0):
    - Bolts/Tasks
  - Bolts/Tasks (1.6.0)
  - Bond (4.3.1)
  - Cloudinary (1.0.15)
  - DACircularProgress (2.3.1)
  - FBSDKCoreKit (4.10.0):
    - Bolts (~> 1.5)
  - FBSDKLoginKit (4.10.0):
    - FBSDKCoreKit
  - IDMPhotoBrowser (1.8.4):
    - DACircularProgress
    - pop
    - SDWebImage
  - Kingfisher (2.4.1)
  - NVActivityIndicatorView (2.9)
  - ObjectMapper (1.1.5)
  - pop (1.0.9)
  - SDWebImage (3.8.1):
    - SDWebImage/Core (= 3.8.1)
  - SDWebImage/Core (3.8.1)
  - Typhoon (3.4.7):
    - Typhoon/no-arc (= 3.4.7)
  - Typhoon/no-arc (3.4.7)

DEPENDENCIES:
  - Alamofire
  - Bolts
  - Bond
  - Cloudinary
  - FBSDKCoreKit
  - FBSDKLoginKit
  - IDMPhotoBrowser
  - Kingfisher
  - NVActivityIndicatorView
  - ObjectMapper
  - Typhoon

SPEC CHECKSUMS:
  Alamofire: f11d8624a05f5d39e0c99309b3e600a3ba64298a
  Bolts: f52a250053bb517ca874523c3913776359ab3def
  Bond: 55903fc67f09e8e49791a657163cabba1d6fb29d
  Cloudinary: f80af4565ec08c521d5e58cb56d9fbe1e4595e40
  DACircularProgress: 4dd437c0fc3da5161cb289e07ac449493d41db71
  FBSDKCoreKit: 13bec8373fb3af94d44daf2aa1e0958687897fbd
  FBSDKLoginKit: d3d4a2e9d31954deb00bfea964167a05ca1ea976
  IDMPhotoBrowser: b574fe3229754e701f32df271afbc4ac7e4e1997
  Kingfisher: 41aed5b6c1ed8fa98cf6d75283ce89cf7890f517
  NVActivityIndicatorView: 0084f6be71bdf4735b5424ebfb530b1e3db3276c
  ObjectMapper: 528b1a6677a6acac7747edd508576983e76a9148
  pop: f667631a5108a2e60d9e8797c9b32ddaf2080bce
  SDWebImage: 35f9627a3e44b4f292a8a8ce6a531fa488239b91
  Typhoon: 0953addabd5a10a930973fcc131c03badc88c4ba

COCOAPODS: 0.39.0
