// !$*UTF8*$!
{
	archiveVersion = 1;
	classes = {
	};
	objectVersion = 46;
	objects = {

/* Begin PBXBuildFile section */
		40C853D7ADE1C525C02E7EBD /* Pods_client.framework in Frameworks */ = {isa = PBXBuildFile; fileRef = 696433BBBC6AFE543EE020A6 /* Pods_client.framework */; };
		753577291D1D8C2400B3B043 /* ProjectRouter.swift in Sources */ = {isa = PBXBuildFile; fileRef = 753577281D1D8C2400B3B043 /* ProjectRouter.swift */; };
		7535772C1D1E849C00B3B043 /* StreamViewModel.swift in Sources */ = {isa = PBXBuildFile; fileRef = 7535772B1D1E849C00B3B043 /* StreamViewModel.swift */; };
		7535772E1D1E863700B3B043 /* ProjectService.swift in Sources */ = {isa = PBXBuildFile; fileRef = 7535772D1D1E863700B3B043 /* ProjectService.swift */; };
		753577301D1E97C000B3B043 /* ProjectResponse.swift in Sources */ = {isa = PBXBuildFile; fileRef = 7535772F1D1E97C000B3B043 /* ProjectResponse.swift */; };
		754716AB1C2EE9A4004ABFC6 /* AppDelegate.swift in Sources */ = {isa = PBXBuildFile; fileRef = 754716AA1C2EE9A4004ABFC6 /* AppDelegate.swift */; };
		754716B41C2EE9A4004ABFC6 /* Assets.xcassets in Resources */ = {isa = PBXBuildFile; fileRef = 754716B31C2EE9A4004ABFC6 /* Assets.xcassets */; };
		754716B71C2EE9A4004ABFC6 /* LaunchScreen.storyboard in Resources */ = {isa = PBXBuildFile; fileRef = 754716B51C2EE9A4004ABFC6 /* LaunchScreen.storyboard */; };
		754716C21C2EE9A4004ABFC6 /* clientTests.swift in Sources */ = {isa = PBXBuildFile; fileRef = 754716C11C2EE9A4004ABFC6 /* clientTests.swift */; };
		754716CD1C2EE9A4004ABFC6 /* clientUITests.swift in Sources */ = {isa = PBXBuildFile; fileRef = 754716CC1C2EE9A4004ABFC6 /* clientUITests.swift */; };
		7555503E1C9D4D9D00B734D8 /* FacebookAuthRequestBody.swift in Sources */ = {isa = PBXBuildFile; fileRef = 7555503D1C9D4D9D00B734D8 /* FacebookAuthRequestBody.swift */; };
		755550411C9E651700B734D8 /* Designer.swift in Sources */ = {isa = PBXBuildFile; fileRef = 755550401C9E651700B734D8 /* Designer.swift */; };
		755550451C9E7F6200B734D8 /* Office.swift in Sources */ = {isa = PBXBuildFile; fileRef = 755550441C9E7F6200B734D8 /* Office.swift */; };
		755550471C9E88B000B734D8 /* Phone.swift in Sources */ = {isa = PBXBuildFile; fileRef = 755550461C9E88AF00B734D8 /* Phone.swift */; };
		755550491C9E9B5300B734D8 /* UserRouter.swift in Sources */ = {isa = PBXBuildFile; fileRef = 755550481C9E9B5300B734D8 /* UserRouter.swift */; };
		7555504C1C9EA00000B734D8 /* UserFollowRequestBody.swift in Sources */ = {isa = PBXBuildFile; fileRef = 7555504B1C9EA00000B734D8 /* UserFollowRequestBody.swift */; };
		7555504E1C9EA0BA00B734D8 /* UserUnfollowRequestBody.swift in Sources */ = {isa = PBXBuildFile; fileRef = 7555504D1C9EA0BA00B734D8 /* UserUnfollowRequestBody.swift */; };
		75623E0D1D1C639B00C83C89 /* CloudinaryService.swift in Sources */ = {isa = PBXBuildFile; fileRef = 75623E0C1D1C639B00C83C89 /* CloudinaryService.swift */; };
		75623E121D1C6BF100C83C89 /* Project.swift in Sources */ = {isa = PBXBuildFile; fileRef = 75623E111D1C6BF100C83C89 /* Project.swift */; };
		75623E151D1C6CF200C83C89 /* Media.swift in Sources */ = {isa = PBXBuildFile; fileRef = 75623E141D1C6CF200C83C89 /* Media.swift */; };
		75623E171D1C6E0900C83C89 /* MediaObject.swift in Sources */ = {isa = PBXBuildFile; fileRef = 75623E161D1C6E0900C83C89 /* MediaObject.swift */; };
		75840D4E1C4157880075FA37 /* BaseRouterProtocol.swift in Sources */ = {isa = PBXBuildFile; fileRef = 75840D491C4157880075FA37 /* BaseRouterProtocol.swift */; };
		75840D4F1C4157880075FA37 /* BaseRequestBody.swift in Sources */ = {isa = PBXBuildFile; fileRef = 75840D4B1C4157880075FA37 /* BaseRequestBody.swift */; };
		75840D501C4157880075FA37 /* BaseRouter.swift in Sources */ = {isa = PBXBuildFile; fileRef = 75840D4D1C4157880075FA37 /* BaseRouter.swift */; };
		759B5CF71CF77D6300BC6ACE /* ApplicationAssembly.swift in Sources */ = {isa = PBXBuildFile; fileRef = 759B5CF61CF77D6300BC6ACE /* ApplicationAssembly.swift */; };
		75BD35C41CFCBB6600804682 /* AuthService.swift in Sources */ = {isa = PBXBuildFile; fileRef = 75BD35C31CFCBB6600804682 /* AuthService.swift */; };
		75BD35C61CFCC01600804682 /* UserService.swift in Sources */ = {isa = PBXBuildFile; fileRef = 75BD35C51CFCC01600804682 /* UserService.swift */; };
		75F61E911C535EBE0042C765 /* NSUserDefaultsUtils.swift in Sources */ = {isa = PBXBuildFile; fileRef = 75F61E901C535EBE0042C765 /* NSUserDefaultsUtils.swift */; };
		75F61E941C536ED80042C765 /* User.swift in Sources */ = {isa = PBXBuildFile; fileRef = 75F61E931C536ED80042C765 /* User.swift */; };
		75F61E961C53708D0042C765 /* EmailSignInAuthRequestBody.swift in Sources */ = {isa = PBXBuildFile; fileRef = 75F61E951C53708D0042C765 /* EmailSignInAuthRequestBody.swift */; };
		75F61E981C5371900042C765 /* AuthRouter.swift in Sources */ = {isa = PBXBuildFile; fileRef = 75F61E971C5371900042C765 /* AuthRouter.swift */; };
		75F61E9A1C5377010042C765 /* EmailSignUpAuthRequestBody.swift in Sources */ = {isa = PBXBuildFile; fileRef = 75F61E991C5377010042C765 /* EmailSignUpAuthRequestBody.swift */; };
		915C84631C6B842E00736AD3 /* DesignerProfileInfoCard.xib in Resources */ = {isa = PBXBuildFile; fileRef = 915C84621C6B842E00736AD3 /* DesignerProfileInfoCard.xib */; };
		918650271C455F1200202F71 /* LaunchScreenContentViewController.swift in Sources */ = {isa = PBXBuildFile; fileRef = 918650261C455F1200202F71 /* LaunchScreenContentViewController.swift */; };
		918650291C45866700202F71 /* LaunchScreenViewController.swift in Sources */ = {isa = PBXBuildFile; fileRef = 918650281C45866700202F71 /* LaunchScreenViewController.swift */; };
		91954C7A1C60D60E001A0953 /* ProjectDescription.xib in Resources */ = {isa = PBXBuildFile; fileRef = 91954C791C60D60E001A0953 /* ProjectDescription.xib */; };
		91954C7C1C60D67E001A0953 /* ProjectDescription.swift in Sources */ = {isa = PBXBuildFile; fileRef = 91954C7B1C60D67E001A0953 /* ProjectDescription.swift */; };
		91954C7E1C632150001A0953 /* ProjectGalleryCell.xib in Resources */ = {isa = PBXBuildFile; fileRef = 91954C7D1C632150001A0953 /* ProjectGalleryCell.xib */; };
		91954C801C638A92001A0953 /* ProjectGalleryCell.swift in Sources */ = {isa = PBXBuildFile; fileRef = 91954C7F1C638A92001A0953 /* ProjectGalleryCell.swift */; };
		91954C861C64BF00001A0953 /* UIImage_Gradient.swift in Sources */ = {isa = PBXBuildFile; fileRef = 91954C851C64BF00001A0953 /* UIImage_Gradient.swift */; };
		91954C881C64E51B001A0953 /* CAGradientLayer.swift in Sources */ = {isa = PBXBuildFile; fileRef = 91954C871C64E51B001A0953 /* CAGradientLayer.swift */; };
		91954C8A1C672C73001A0953 /* Lobster.otf in Resources */ = {isa = PBXBuildFile; fileRef = 91954C891C672C73001A0953 /* Lobster.otf */; };
		91954C8F1C675151001A0953 /* ExploreTableViewController.swift in Sources */ = {isa = PBXBuildFile; fileRef = 91954C8E1C675151001A0953 /* ExploreTableViewController.swift */; };
		91954C911C675A49001A0953 /* UploadTableViewController.swift in Sources */ = {isa = PBXBuildFile; fileRef = 91954C901C675A49001A0953 /* UploadTableViewController.swift */; };
		91954C931C675BC9001A0953 /* DesignerProfileTableViewController.swift in Sources */ = {isa = PBXBuildFile; fileRef = 91954C921C675BC9001A0953 /* DesignerProfileTableViewController.swift */; };
		91954C951C678986001A0953 /* ExploreDesignersCard.xib in Resources */ = {isa = PBXBuildFile; fileRef = 91954C941C678986001A0953 /* ExploreDesignersCard.xib */; };
		91954C971C678A0B001A0953 /* ExploreDesignersCard.swift in Sources */ = {isa = PBXBuildFile; fileRef = 91954C961C678A0B001A0953 /* ExploreDesignersCard.swift */; };
		91C1B9081C412BBE00CF0ABC /* FontAwesome.swift in Sources */ = {isa = PBXBuildFile; fileRef = 91C1B9071C412BBE00CF0ABC /* FontAwesome.swift */; };
		91C1B91A1C41466300CF0ABC /* Asap-Bold.otf in Resources */ = {isa = PBXBuildFile; fileRef = 91C1B9091C41466300CF0ABC /* Asap-Bold.otf */; };
		91C1B91B1C41466300CF0ABC /* Asap-BoldItalic.otf in Resources */ = {isa = PBXBuildFile; fileRef = 91C1B90A1C41466300CF0ABC /* Asap-BoldItalic.otf */; };
		91C1B91C1C41466300CF0ABC /* Asap-Italic.otf in Resources */ = {isa = PBXBuildFile; fileRef = 91C1B90B1C41466300CF0ABC /* Asap-Italic.otf */; };
		91C1B91D1C41466300CF0ABC /* Asap-Medium.otf in Resources */ = {isa = PBXBuildFile; fileRef = 91C1B90C1C41466300CF0ABC /* Asap-Medium.otf */; };
		91C1B91E1C41466300CF0ABC /* Asap-MediumItalic.otf in Resources */ = {isa = PBXBuildFile; fileRef = 91C1B90D1C41466300CF0ABC /* Asap-MediumItalic.otf */; };
		91C1B91F1C41466300CF0ABC /* Asap-Regular.otf in Resources */ = {isa = PBXBuildFile; fileRef = 91C1B90E1C41466300CF0ABC /* Asap-Regular.otf */; };
		91C1B9201C41466300CF0ABC /* CoveredByYourGrace.ttf in Resources */ = {isa = PBXBuildFile; fileRef = 91C1B90F1C41466300CF0ABC /* CoveredByYourGrace.ttf */; };
		91C1B9211C41466300CF0ABC /* fontawesome-webfont.ttf in Resources */ = {isa = PBXBuildFile; fileRef = 91C1B9101C41466300CF0ABC /* fontawesome-webfont.ttf */; };
		91C1B9221C41466300CF0ABC /* materialdesignicons-webfont (1).ttf in Resources */ = {isa = PBXBuildFile; fileRef = 91C1B9111C41466300CF0ABC /* materialdesignicons-webfont (1).ttf */; };
		91C1B9231C41466300CF0ABC /* Montserrat-Black.otf in Resources */ = {isa = PBXBuildFile; fileRef = 91C1B9121C41466300CF0ABC /* Montserrat-Black.otf */; };
		91C1B9241C41466300CF0ABC /* Montserrat-Bold.otf in Resources */ = {isa = PBXBuildFile; fileRef = 91C1B9131C41466300CF0ABC /* Montserrat-Bold.otf */; };
		91C1B9251C41466300CF0ABC /* Montserrat-ExtraBold.otf in Resources */ = {isa = PBXBuildFile; fileRef = 91C1B9141C41466300CF0ABC /* Montserrat-ExtraBold.otf */; };
		91C1B9261C41466300CF0ABC /* Montserrat-Hairline.otf in Resources */ = {isa = PBXBuildFile; fileRef = 91C1B9151C41466300CF0ABC /* Montserrat-Hairline.otf */; };
		91C1B9271C41466300CF0ABC /* Montserrat-Light.otf in Resources */ = {isa = PBXBuildFile; fileRef = 91C1B9161C41466300CF0ABC /* Montserrat-Light.otf */; };
		91C1B9281C41466300CF0ABC /* Montserrat-Regular.otf in Resources */ = {isa = PBXBuildFile; fileRef = 91C1B9171C41466300CF0ABC /* Montserrat-Regular.otf */; };
		91C1B9291C41466300CF0ABC /* Montserrat-SemiBold.otf in Resources */ = {isa = PBXBuildFile; fileRef = 91C1B9181C41466300CF0ABC /* Montserrat-SemiBold.otf */; };
		91C1B92A1C41466300CF0ABC /* Montserrat-UltraLight.otf in Resources */ = {isa = PBXBuildFile; fileRef = 91C1B9191C41466300CF0ABC /* Montserrat-UltraLight.otf */; };
		91ECEC531C4A22E80010A352 /* StreamDesignCard.xib in Resources */ = {isa = PBXBuildFile; fileRef = 91ECEC521C4A22E80010A352 /* StreamDesignCard.xib */; };
		91ECEC551C4FC6760010A352 /* StreamDesignCard.swift in Sources */ = {isa = PBXBuildFile; fileRef = 91ECEC541C4FC6760010A352 /* StreamDesignCard.swift */; };
		91ECEC571C4FDB8A0010A352 /* StreamTableViewController.swift in Sources */ = {isa = PBXBuildFile; fileRef = 91ECEC561C4FDB8A0010A352 /* StreamTableViewController.swift */; };
		91F0849F1C7AEE9400BA3B80 /* DesignerProfileInfoCard.swift in Sources */ = {isa = PBXBuildFile; fileRef = 91F0849E1C7AEE9400BA3B80 /* DesignerProfileInfoCard.swift */; };
		91F084A61C7AFF6500BA3B80 /* MyProfileViewController.swift in Sources */ = {isa = PBXBuildFile; fileRef = 91F084A51C7AFF6500BA3B80 /* MyProfileViewController.swift */; };
		91FA8ABB1C5F37250000F6A8 /* ShadowedContainerView.swift in Sources */ = {isa = PBXBuildFile; fileRef = 91FA8ABA1C5F37250000F6A8 /* ShadowedContainerView.swift */; };
		91FA8ABE1C609D3C0000F6A8 /* ProjectInfo.xib in Resources */ = {isa = PBXBuildFile; fileRef = 91FA8ABD1C609D3C0000F6A8 /* ProjectInfo.xib */; };
		91FA8AC01C60A27A0000F6A8 /* ProjectInfo.swift in Sources */ = {isa = PBXBuildFile; fileRef = 91FA8ABF1C60A27A0000F6A8 /* ProjectInfo.swift */; };
		91FA8AC21C60ACDB0000F6A8 /* ProjectDetailsTableViewController.swift in Sources */ = {isa = PBXBuildFile; fileRef = 91FA8AC11C60ACDB0000F6A8 /* ProjectDetailsTableViewController.swift */; };
		91FCB69F1C3CFB9100652E6B /* SignInViewController.swift in Sources */ = {isa = PBXBuildFile; fileRef = 91FCB69E1C3CFB9100652E6B /* SignInViewController.swift */; };
		91FCB6A11C3CFEE500652E6B /* Main.storyboard in Resources */ = {isa = PBXBuildFile; fileRef = 91FCB6A01C3CFEE500652E6B /* Main.storyboard */; };
		91FCB6A31C3D3D6400652E6B /* SignUpViewController.swift in Sources */ = {isa = PBXBuildFile; fileRef = 91FCB6A21C3D3D6400652E6B /* SignUpViewController.swift */; };
		C5375B361CA7C9AE00AA5B06 /* ProjectHeaderView.xib in Resources */ = {isa = PBXBuildFile; fileRef = C5375B351CA7C9AE00AA5B06 /* ProjectHeaderView.xib */; };
		C5375B381CA7CFC000AA5B06 /* ProjectHeaderView.swift in Sources */ = {isa = PBXBuildFile; fileRef = C5375B371CA7CFC000AA5B06 /* ProjectHeaderView.swift */; };
		C5376CEA1D1ECBB60003A531 /* DesignerLinksCard.swift in Sources */ = {isa = PBXBuildFile; fileRef = C5376CE21D1ECBB60003A531 /* DesignerLinksCard.swift */; };
		C5376CEB1D1ECBB60003A531 /* DesignerLinksCard.xib in Resources */ = {isa = PBXBuildFile; fileRef = C5376CE31D1ECBB60003A531 /* DesignerLinksCard.xib */; };
		C5376CEC1D1ECBB60003A531 /* DesignerSkillsCard.swift in Sources */ = {isa = PBXBuildFile; fileRef = C5376CE41D1ECBB60003A531 /* DesignerSkillsCard.swift */; };
		C5376CED1D1ECBB60003A531 /* DesignerSkillsCard.xib in Resources */ = {isa = PBXBuildFile; fileRef = C5376CE51D1ECBB60003A531 /* DesignerSkillsCard.xib */; };
		C5376CEE1D1ECBB60003A531 /* DesignerStatsCard.xib in Resources */ = {isa = PBXBuildFile; fileRef = C5376CE61D1ECBB60003A531 /* DesignerStatsCard.xib */; };
		C5376CEF1D1ECBB60003A531 /* DesignerStatsCard.swift in Sources */ = {isa = PBXBuildFile; fileRef = C5376CE71D1ECBB60003A531 /* DesignerStatsCard.swift */; };
		C5376CF01D1ECBB60003A531 /* DesignerContactCard.swift in Sources */ = {isa = PBXBuildFile; fileRef = C5376CE81D1ECBB60003A531 /* DesignerContactCard.swift */; };
		C5376CF11D1ECBB60003A531 /* DesignerContactCard.xib in Resources */ = {isa = PBXBuildFile; fileRef = C5376CE91D1ECBB60003A531 /* DesignerContactCard.xib */; };
		C540533E1CCA6F1F006DA888 /* DesignerWorkExpCard.xib in Resources */ = {isa = PBXBuildFile; fileRef = C540533D1CCA6F1F006DA888 /* DesignerWorkExpCard.xib */; };
		C54053401CCA6F65006DA888 /* DesignerWorkExpCard.swift in Sources */ = {isa = PBXBuildFile; fileRef = C540533F1CCA6F65006DA888 /* DesignerWorkExpCard.swift */; };
		C5D0C8CE1CC7608400FAAD40 /* DesignerInfoDetailTableViewController.swift in Sources */ = {isa = PBXBuildFile; fileRef = C5D0C8CD1CC7608400FAAD40 /* DesignerInfoDetailTableViewController.swift */; };
		C5D0C8D01CC7664500FAAD40 /* DesignerWorkExperienceHeaderView.xib in Resources */ = {isa = PBXBuildFile; fileRef = C5D0C8CF1CC7664500FAAD40 /* DesignerWorkExperienceHeaderView.xib */; };
		C5D0C8D21CC76FE500FAAD40 /* DesignerWorkExperienceHeaderView.swift in Sources */ = {isa = PBXBuildFile; fileRef = C5D0C8D11CC76FE500FAAD40 /* DesignerWorkExperienceHeaderView.swift */; };
		C5E539321CC3660B006964EE /* DesignerInfoDetailView.xib in Resources */ = {isa = PBXBuildFile; fileRef = C5E539311CC3660B006964EE /* DesignerInfoDetailView.xib */; };
/* End PBXBuildFile section */

/* Begin PBXContainerItemProxy section */
		754716BE1C2EE9A4004ABFC6 /* PBXContainerItemProxy */ = {
			isa = PBXContainerItemProxy;
			containerPortal = 7547169F1C2EE9A4004ABFC6 /* Project object */;
			proxyType = 1;
			remoteGlobalIDString = 754716A61C2EE9A4004ABFC6;
			remoteInfo = client;
		};
		754716C91C2EE9A4004ABFC6 /* PBXContainerItemProxy */ = {
			isa = PBXContainerItemProxy;
			containerPortal = 7547169F1C2EE9A4004ABFC6 /* Project object */;
			proxyType = 1;
			remoteGlobalIDString = 754716A61C2EE9A4004ABFC6;
			remoteInfo = client;
		};
/* End PBXContainerItemProxy section */

/* Begin PBXFileReference section */
		17E14FAD8DA6411C3F5A3DC7 /* Pods-client.release.xcconfig */ = {isa = PBXFileReference; includeInIndex = 1; lastKnownFileType = text.xcconfig; name = "Pods-client.release.xcconfig"; path = "Pods/Target Support Files/Pods-client/Pods-client.release.xcconfig"; sourceTree = "<group>"; };
		696433BBBC6AFE543EE020A6 /* Pods_client.framework */ = {isa = PBXFileReference; explicitFileType = wrapper.framework; includeInIndex = 0; path = Pods_client.framework; sourceTree = BUILT_PRODUCTS_DIR; };
		753577281D1D8C2400B3B043 /* ProjectRouter.swift */ = {isa = PBXFileReference; fileEncoding = 4; lastKnownFileType = sourcecode.swift; path = ProjectRouter.swift; sourceTree = "<group>"; };
		7535772B1D1E849C00B3B043 /* StreamViewModel.swift */ = {isa = PBXFileReference; fileEncoding = 4; lastKnownFileType = sourcecode.swift; path = StreamViewModel.swift; sourceTree = "<group>"; };
		7535772D1D1E863700B3B043 /* ProjectService.swift */ = {isa = PBXFileReference; fileEncoding = 4; lastKnownFileType = sourcecode.swift; path = ProjectService.swift; sourceTree = "<group>"; };
		7535772F1D1E97C000B3B043 /* ProjectResponse.swift */ = {isa = PBXFileReference; fileEncoding = 4; lastKnownFileType = sourcecode.swift; path = ProjectResponse.swift; sourceTree = "<group>"; };
		754716A71C2EE9A4004ABFC6 /* LocusIdeas.app */ = {isa = PBXFileReference; explicitFileType = wrapper.application; includeInIndex = 0; path = LocusIdeas.app; sourceTree = BUILT_PRODUCTS_DIR; };
		754716AA1C2EE9A4004ABFC6 /* AppDelegate.swift */ = {isa = PBXFileReference; lastKnownFileType = sourcecode.swift; path = AppDelegate.swift; sourceTree = "<group>"; };
		754716B31C2EE9A4004ABFC6 /* Assets.xcassets */ = {isa = PBXFileReference; lastKnownFileType = folder.assetcatalog; path = Assets.xcassets; sourceTree = "<group>"; };
		754716B61C2EE9A4004ABFC6 /* Base */ = {isa = PBXFileReference; lastKnownFileType = file.storyboard; name = Base; path = Base.lproj/LaunchScreen.storyboard; sourceTree = "<group>"; };
		754716B81C2EE9A4004ABFC6 /* Info.plist */ = {isa = PBXFileReference; lastKnownFileType = text.plist.xml; path = Info.plist; sourceTree = "<group>"; };
		754716BD1C2EE9A4004ABFC6 /* clientTests.xctest */ = {isa = PBXFileReference; explicitFileType = wrapper.cfbundle; includeInIndex = 0; path = clientTests.xctest; sourceTree = BUILT_PRODUCTS_DIR; };
		754716C11C2EE9A4004ABFC6 /* clientTests.swift */ = {isa = PBXFileReference; lastKnownFileType = sourcecode.swift; path = clientTests.swift; sourceTree = "<group>"; };
		754716C31C2EE9A4004ABFC6 /* Info.plist */ = {isa = PBXFileReference; lastKnownFileType = text.plist.xml; path = Info.plist; sourceTree = "<group>"; };
		754716C81C2EE9A4004ABFC6 /* clientUITests.xctest */ = {isa = PBXFileReference; explicitFileType = wrapper.cfbundle; includeInIndex = 0; path = clientUITests.xctest; sourceTree = BUILT_PRODUCTS_DIR; };
		754716CC1C2EE9A4004ABFC6 /* clientUITests.swift */ = {isa = PBXFileReference; lastKnownFileType = sourcecode.swift; path = clientUITests.swift; sourceTree = "<group>"; };
		754716CE1C2EE9A4004ABFC6 /* Info.plist */ = {isa = PBXFileReference; lastKnownFileType = text.plist.xml; path = Info.plist; sourceTree = "<group>"; };
		7555503D1C9D4D9D00B734D8 /* FacebookAuthRequestBody.swift */ = {isa = PBXFileReference; fileEncoding = 4; lastKnownFileType = sourcecode.swift; path = FacebookAuthRequestBody.swift; sourceTree = "<group>"; };
		755550401C9E651700B734D8 /* Designer.swift */ = {isa = PBXFileReference; fileEncoding = 4; lastKnownFileType = sourcecode.swift; path = Designer.swift; sourceTree = "<group>"; };
		755550441C9E7F6200B734D8 /* Office.swift */ = {isa = PBXFileReference; fileEncoding = 4; lastKnownFileType = sourcecode.swift; path = Office.swift; sourceTree = "<group>"; };
		755550461C9E88AF00B734D8 /* Phone.swift */ = {isa = PBXFileReference; fileEncoding = 4; lastKnownFileType = sourcecode.swift; path = Phone.swift; sourceTree = "<group>"; };
		755550481C9E9B5300B734D8 /* UserRouter.swift */ = {isa = PBXFileReference; fileEncoding = 4; lastKnownFileType = sourcecode.swift; path = UserRouter.swift; sourceTree = "<group>"; };
		7555504B1C9EA00000B734D8 /* UserFollowRequestBody.swift */ = {isa = PBXFileReference; fileEncoding = 4; lastKnownFileType = sourcecode.swift; path = UserFollowRequestBody.swift; sourceTree = "<group>"; };
		7555504D1C9EA0BA00B734D8 /* UserUnfollowRequestBody.swift */ = {isa = PBXFileReference; fileEncoding = 4; lastKnownFileType = sourcecode.swift; path = UserUnfollowRequestBody.swift; sourceTree = "<group>"; };
		75623E0C1D1C639B00C83C89 /* CloudinaryService.swift */ = {isa = PBXFileReference; fileEncoding = 4; lastKnownFileType = sourcecode.swift; path = CloudinaryService.swift; sourceTree = "<group>"; };
		75623E111D1C6BF100C83C89 /* Project.swift */ = {isa = PBXFileReference; fileEncoding = 4; lastKnownFileType = sourcecode.swift; path = Project.swift; sourceTree = "<group>"; };
		75623E141D1C6CF200C83C89 /* Media.swift */ = {isa = PBXFileReference; fileEncoding = 4; lastKnownFileType = sourcecode.swift; path = Media.swift; sourceTree = "<group>"; };
		75623E161D1C6E0900C83C89 /* MediaObject.swift */ = {isa = PBXFileReference; fileEncoding = 4; lastKnownFileType = sourcecode.swift; path = MediaObject.swift; sourceTree = "<group>"; };
		75840D491C4157880075FA37 /* BaseRouterProtocol.swift */ = {isa = PBXFileReference; fileEncoding = 4; lastKnownFileType = sourcecode.swift; path = BaseRouterProtocol.swift; sourceTree = "<group>"; };
		75840D4B1C4157880075FA37 /* BaseRequestBody.swift */ = {isa = PBXFileReference; fileEncoding = 4; lastKnownFileType = sourcecode.swift; path = BaseRequestBody.swift; sourceTree = "<group>"; };
		75840D4D1C4157880075FA37 /* BaseRouter.swift */ = {isa = PBXFileReference; fileEncoding = 4; lastKnownFileType = sourcecode.swift; path = BaseRouter.swift; sourceTree = "<group>"; };
		759B5CF61CF77D6300BC6ACE /* ApplicationAssembly.swift */ = {isa = PBXFileReference; fileEncoding = 4; lastKnownFileType = sourcecode.swift; path = ApplicationAssembly.swift; sourceTree = "<group>"; };
		75BD35C31CFCBB6600804682 /* AuthService.swift */ = {isa = PBXFileReference; fileEncoding = 4; lastKnownFileType = sourcecode.swift; path = AuthService.swift; sourceTree = "<group>"; };
		75BD35C51CFCC01600804682 /* UserService.swift */ = {isa = PBXFileReference; fileEncoding = 4; lastKnownFileType = sourcecode.swift; path = UserService.swift; sourceTree = "<group>"; };
		75F61E901C535EBE0042C765 /* NSUserDefaultsUtils.swift */ = {isa = PBXFileReference; fileEncoding = 4; lastKnownFileType = sourcecode.swift; path = NSUserDefaultsUtils.swift; sourceTree = "<group>"; };
		75F61E931C536ED80042C765 /* User.swift */ = {isa = PBXFileReference; fileEncoding = 4; lastKnownFileType = sourcecode.swift; name = User.swift; path = ../User.swift; sourceTree = "<group>"; };
		75F61E951C53708D0042C765 /* EmailSignInAuthRequestBody.swift */ = {isa = PBXFileReference; fileEncoding = 4; lastKnownFileType = sourcecode.swift; name = EmailSignInAuthRequestBody.swift; path = ../EmailSignInAuthRequestBody.swift; sourceTree = "<group>"; };
		75F61E971C5371900042C765 /* AuthRouter.swift */ = {isa = PBXFileReference; fileEncoding = 4; lastKnownFileType = sourcecode.swift; path = AuthRouter.swift; sourceTree = "<group>"; };
		75F61E991C5377010042C765 /* EmailSignUpAuthRequestBody.swift */ = {isa = PBXFileReference; fileEncoding = 4; lastKnownFileType = sourcecode.swift; name = EmailSignUpAuthRequestBody.swift; path = ../EmailSignUpAuthRequestBody.swift; sourceTree = "<group>"; };
		915C84621C6B842E00736AD3 /* DesignerProfileInfoCard.xib */ = {isa = PBXFileReference; fileEncoding = 4; lastKnownFileType = file.xib; path = DesignerProfileInfoCard.xib; sourceTree = "<group>"; };
		918650261C455F1200202F71 /* LaunchScreenContentViewController.swift */ = {isa = PBXFileReference; fileEncoding = 4; lastKnownFileType = sourcecode.swift; path = LaunchScreenContentViewController.swift; sourceTree = "<group>"; };
		918650281C45866700202F71 /* LaunchScreenViewController.swift */ = {isa = PBXFileReference; fileEncoding = 4; lastKnownFileType = sourcecode.swift; path = LaunchScreenViewController.swift; sourceTree = "<group>"; };
		91954C791C60D60E001A0953 /* ProjectDescription.xib */ = {isa = PBXFileReference; fileEncoding = 4; lastKnownFileType = file.xib; path = ProjectDescription.xib; sourceTree = "<group>"; };
		91954C7B1C60D67E001A0953 /* ProjectDescription.swift */ = {isa = PBXFileReference; fileEncoding = 4; lastKnownFileType = sourcecode.swift; path = ProjectDescription.swift; sourceTree = "<group>"; };
		91954C7D1C632150001A0953 /* ProjectGalleryCell.xib */ = {isa = PBXFileReference; fileEncoding = 4; lastKnownFileType = file.xib; path = ProjectGalleryCell.xib; sourceTree = "<group>"; };
		91954C7F1C638A92001A0953 /* ProjectGalleryCell.swift */ = {isa = PBXFileReference; fileEncoding = 4; lastKnownFileType = sourcecode.swift; path = ProjectGalleryCell.swift; sourceTree = "<group>"; };
		91954C851C64BF00001A0953 /* UIImage_Gradient.swift */ = {isa = PBXFileReference; fileEncoding = 4; lastKnownFileType = sourcecode.swift; path = UIImage_Gradient.swift; sourceTree = "<group>"; };
		91954C871C64E51B001A0953 /* CAGradientLayer.swift */ = {isa = PBXFileReference; fileEncoding = 4; lastKnownFileType = sourcecode.swift; path = CAGradientLayer.swift; sourceTree = "<group>"; };
		91954C891C672C73001A0953 /* Lobster.otf */ = {isa = PBXFileReference; lastKnownFileType = file; path = Lobster.otf; sourceTree = "<group>"; };
		91954C8E1C675151001A0953 /* ExploreTableViewController.swift */ = {isa = PBXFileReference; fileEncoding = 4; lastKnownFileType = sourcecode.swift; path = ExploreTableViewController.swift; sourceTree = "<group>"; };
		91954C901C675A49001A0953 /* UploadTableViewController.swift */ = {isa = PBXFileReference; fileEncoding = 4; lastKnownFileType = sourcecode.swift; path = UploadTableViewController.swift; sourceTree = "<group>"; };
		91954C921C675BC9001A0953 /* DesignerProfileTableViewController.swift */ = {isa = PBXFileReference; fileEncoding = 4; lastKnownFileType = sourcecode.swift; path = DesignerProfileTableViewController.swift; sourceTree = "<group>"; };
		91954C941C678986001A0953 /* ExploreDesignersCard.xib */ = {isa = PBXFileReference; fileEncoding = 4; lastKnownFileType = file.xib; path = ExploreDesignersCard.xib; sourceTree = "<group>"; };
		91954C961C678A0B001A0953 /* ExploreDesignersCard.swift */ = {isa = PBXFileReference; fileEncoding = 4; lastKnownFileType = sourcecode.swift; path = ExploreDesignersCard.swift; sourceTree = "<group>"; };
		91C1B9071C412BBE00CF0ABC /* FontAwesome.swift */ = {isa = PBXFileReference; fileEncoding = 4; lastKnownFileType = sourcecode.swift; path = FontAwesome.swift; sourceTree = "<group>"; };
		91C1B9091C41466300CF0ABC /* Asap-Bold.otf */ = {isa = PBXFileReference; lastKnownFileType = file; path = "Asap-Bold.otf"; sourceTree = "<group>"; };
		91C1B90A1C41466300CF0ABC /* Asap-BoldItalic.otf */ = {isa = PBXFileReference; lastKnownFileType = file; path = "Asap-BoldItalic.otf"; sourceTree = "<group>"; };
		91C1B90B1C41466300CF0ABC /* Asap-Italic.otf */ = {isa = PBXFileReference; lastKnownFileType = file; path = "Asap-Italic.otf"; sourceTree = "<group>"; };
		91C1B90C1C41466300CF0ABC /* Asap-Medium.otf */ = {isa = PBXFileReference; lastKnownFileType = file; path = "Asap-Medium.otf"; sourceTree = "<group>"; };
		91C1B90D1C41466300CF0ABC /* Asap-MediumItalic.otf */ = {isa = PBXFileReference; lastKnownFileType = file; path = "Asap-MediumItalic.otf"; sourceTree = "<group>"; };
		91C1B90E1C41466300CF0ABC /* Asap-Regular.otf */ = {isa = PBXFileReference; lastKnownFileType = file; path = "Asap-Regular.otf"; sourceTree = "<group>"; };
		91C1B90F1C41466300CF0ABC /* CoveredByYourGrace.ttf */ = {isa = PBXFileReference; lastKnownFileType = file; path = CoveredByYourGrace.ttf; sourceTree = "<group>"; };
		91C1B9101C41466300CF0ABC /* fontawesome-webfont.ttf */ = {isa = PBXFileReference; lastKnownFileType = file; path = "fontawesome-webfont.ttf"; sourceTree = "<group>"; };
		91C1B9111C41466300CF0ABC /* materialdesignicons-webfont (1).ttf */ = {isa = PBXFileReference; lastKnownFileType = file; path = "materialdesignicons-webfont (1).ttf"; sourceTree = "<group>"; };
		91C1B9121C41466300CF0ABC /* Montserrat-Black.otf */ = {isa = PBXFileReference; lastKnownFileType = file; path = "Montserrat-Black.otf"; sourceTree = "<group>"; };
		91C1B9131C41466300CF0ABC /* Montserrat-Bold.otf */ = {isa = PBXFileReference; lastKnownFileType = file; path = "Montserrat-Bold.otf"; sourceTree = "<group>"; };
		91C1B9141C41466300CF0ABC /* Montserrat-ExtraBold.otf */ = {isa = PBXFileReference; lastKnownFileType = file; path = "Montserrat-ExtraBold.otf"; sourceTree = "<group>"; };
		91C1B9151C41466300CF0ABC /* Montserrat-Hairline.otf */ = {isa = PBXFileReference; lastKnownFileType = file; path = "Montserrat-Hairline.otf"; sourceTree = "<group>"; };
		91C1B9161C41466300CF0ABC /* Montserrat-Light.otf */ = {isa = PBXFileReference; lastKnownFileType = file; path = "Montserrat-Light.otf"; sourceTree = "<group>"; };
		91C1B9171C41466300CF0ABC /* Montserrat-Regular.otf */ = {isa = PBXFileReference; lastKnownFileType = file; path = "Montserrat-Regular.otf"; sourceTree = "<group>"; };
		91C1B9181C41466300CF0ABC /* Montserrat-SemiBold.otf */ = {isa = PBXFileReference; lastKnownFileType = file; path = "Montserrat-SemiBold.otf"; sourceTree = "<group>"; };
		91C1B9191C41466300CF0ABC /* Montserrat-UltraLight.otf */ = {isa = PBXFileReference; lastKnownFileType = file; path = "Montserrat-UltraLight.otf"; sourceTree = "<group>"; };
		91ECEC521C4A22E80010A352 /* StreamDesignCard.xib */ = {isa = PBXFileReference; fileEncoding = 4; lastKnownFileType = file.xib; path = StreamDesignCard.xib; sourceTree = "<group>"; };
		91ECEC541C4FC6760010A352 /* StreamDesignCard.swift */ = {isa = PBXFileReference; fileEncoding = 4; lastKnownFileType = sourcecode.swift; path = StreamDesignCard.swift; sourceTree = "<group>"; };
		91ECEC561C4FDB8A0010A352 /* StreamTableViewController.swift */ = {isa = PBXFileReference; fileEncoding = 4; lastKnownFileType = sourcecode.swift; path = StreamTableViewController.swift; sourceTree = "<group>"; };
		91F084971C735EB100BA3B80 /* FBSDKCoreKit.framework */ = {isa = PBXFileReference; lastKnownFileType = wrapper.framework; path = FBSDKCoreKit.framework; sourceTree = "<group>"; };
		91F084981C735EB100BA3B80 /* FBSDKLoginKit.framework */ = {isa = PBXFileReference; lastKnownFileType = wrapper.framework; path = FBSDKLoginKit.framework; sourceTree = "<group>"; };
		91F084991C735EB100BA3B80 /* FBSDKShareKit.framework */ = {isa = PBXFileReference; lastKnownFileType = wrapper.framework; path = FBSDKShareKit.framework; sourceTree = "<group>"; };
		91F0849E1C7AEE9400BA3B80 /* DesignerProfileInfoCard.swift */ = {isa = PBXFileReference; fileEncoding = 4; lastKnownFileType = sourcecode.swift; path = DesignerProfileInfoCard.swift; sourceTree = "<group>"; };
		91F084A51C7AFF6500BA3B80 /* MyProfileViewController.swift */ = {isa = PBXFileReference; fileEncoding = 4; lastKnownFileType = sourcecode.swift; path = MyProfileViewController.swift; sourceTree = "<group>"; };
		91FA8ABA1C5F37250000F6A8 /* ShadowedContainerView.swift */ = {isa = PBXFileReference; fileEncoding = 4; lastKnownFileType = sourcecode.swift; path = ShadowedContainerView.swift; sourceTree = "<group>"; };
		91FA8ABD1C609D3C0000F6A8 /* ProjectInfo.xib */ = {isa = PBXFileReference; fileEncoding = 4; lastKnownFileType = file.xib; path = ProjectInfo.xib; sourceTree = "<group>"; };
		91FA8ABF1C60A27A0000F6A8 /* ProjectInfo.swift */ = {isa = PBXFileReference; fileEncoding = 4; lastKnownFileType = sourcecode.swift; path = ProjectInfo.swift; sourceTree = "<group>"; };
		91FA8AC11C60ACDB0000F6A8 /* ProjectDetailsTableViewController.swift */ = {isa = PBXFileReference; fileEncoding = 4; lastKnownFileType = sourcecode.swift; path = ProjectDetailsTableViewController.swift; sourceTree = "<group>"; };
		91FCB69E1C3CFB9100652E6B /* SignInViewController.swift */ = {isa = PBXFileReference; fileEncoding = 4; lastKnownFileType = sourcecode.swift; path = SignInViewController.swift; sourceTree = "<group>"; };
		91FCB6A01C3CFEE500652E6B /* Main.storyboard */ = {isa = PBXFileReference; fileEncoding = 4; lastKnownFileType = file.storyboard; path = Main.storyboard; sourceTree = "<group>"; };
		91FCB6A21C3D3D6400652E6B /* SignUpViewController.swift */ = {isa = PBXFileReference; fileEncoding = 4; lastKnownFileType = sourcecode.swift; path = SignUpViewController.swift; sourceTree = "<group>"; };
		C5375B351CA7C9AE00AA5B06 /* ProjectHeaderView.xib */ = {isa = PBXFileReference; fileEncoding = 4; lastKnownFileType = file.xib; path = ProjectHeaderView.xib; sourceTree = "<group>"; };
		C5375B371CA7CFC000AA5B06 /* ProjectHeaderView.swift */ = {isa = PBXFileReference; fileEncoding = 4; lastKnownFileType = sourcecode.swift; path = ProjectHeaderView.swift; sourceTree = "<group>"; };
		C5376CE21D1ECBB60003A531 /* DesignerLinksCard.swift */ = {isa = PBXFileReference; fileEncoding = 4; lastKnownFileType = sourcecode.swift; path = DesignerLinksCard.swift; sourceTree = "<group>"; };
		C5376CE31D1ECBB60003A531 /* DesignerLinksCard.xib */ = {isa = PBXFileReference; fileEncoding = 4; lastKnownFileType = file.xib; path = DesignerLinksCard.xib; sourceTree = "<group>"; };
		C5376CE41D1ECBB60003A531 /* DesignerSkillsCard.swift */ = {isa = PBXFileReference; fileEncoding = 4; lastKnownFileType = sourcecode.swift; path = DesignerSkillsCard.swift; sourceTree = "<group>"; };
		C5376CE51D1ECBB60003A531 /* DesignerSkillsCard.xib */ = {isa = PBXFileReference; fileEncoding = 4; lastKnownFileType = file.xib; path = DesignerSkillsCard.xib; sourceTree = "<group>"; };
		C5376CE61D1ECBB60003A531 /* DesignerStatsCard.xib */ = {isa = PBXFileReference; fileEncoding = 4; lastKnownFileType = file.xib; path = DesignerStatsCard.xib; sourceTree = "<group>"; };
		C5376CE71D1ECBB60003A531 /* DesignerStatsCard.swift */ = {isa = PBXFileReference; fileEncoding = 4; lastKnownFileType = sourcecode.swift; path = DesignerStatsCard.swift; sourceTree = "<group>"; };
		C5376CE81D1ECBB60003A531 /* DesignerContactCard.swift */ = {isa = PBXFileReference; fileEncoding = 4; lastKnownFileType = sourcecode.swift; path = DesignerContactCard.swift; sourceTree = "<group>"; };
		C5376CE91D1ECBB60003A531 /* DesignerContactCard.xib */ = {isa = PBXFileReference; fileEncoding = 4; lastKnownFileType = file.xib; path = DesignerContactCard.xib; sourceTree = "<group>"; };
		C540533D1CCA6F1F006DA888 /* DesignerWorkExpCard.xib */ = {isa = PBXFileReference; fileEncoding = 4; lastKnownFileType = file.xib; path = DesignerWorkExpCard.xib; sourceTree = "<group>"; };
		C540533F1CCA6F65006DA888 /* DesignerWorkExpCard.swift */ = {isa = PBXFileReference; fileEncoding = 4; lastKnownFileType = sourcecode.swift; path = DesignerWorkExpCard.swift; sourceTree = "<group>"; };
		C5D0C8CD1CC7608400FAAD40 /* DesignerInfoDetailTableViewController.swift */ = {isa = PBXFileReference; fileEncoding = 4; lastKnownFileType = sourcecode.swift; path = DesignerInfoDetailTableViewController.swift; sourceTree = "<group>"; };
		C5D0C8CF1CC7664500FAAD40 /* DesignerWorkExperienceHeaderView.xib */ = {isa = PBXFileReference; fileEncoding = 4; lastKnownFileType = file.xib; path = DesignerWorkExperienceHeaderView.xib; sourceTree = "<group>"; };
		C5D0C8D11CC76FE500FAAD40 /* DesignerWorkExperienceHeaderView.swift */ = {isa = PBXFileReference; fileEncoding = 4; lastKnownFileType = sourcecode.swift; path = DesignerWorkExperienceHeaderView.swift; sourceTree = "<group>"; };
		C5E539311CC3660B006964EE /* DesignerInfoDetailView.xib */ = {isa = PBXFileReference; fileEncoding = 4; lastKnownFileType = file.xib; path = DesignerInfoDetailView.xib; sourceTree = "<group>"; };
		CA8B46F8B61DD6BE6AC7D716 /* Pods-client.debug.xcconfig */ = {isa = PBXFileReference; includeInIndex = 1; lastKnownFileType = text.xcconfig; name = "Pods-client.debug.xcconfig"; path = "Pods/Target Support Files/Pods-client/Pods-client.debug.xcconfig"; sourceTree = "<group>"; };
/* End PBXFileReference section */

/* Begin PBXFrameworksBuildPhase section */
		754716A41C2EE9A4004ABFC6 /* Frameworks */ = {
			isa = PBXFrameworksBuildPhase;
			buildActionMask = 2147483647;
			files = (
				40C853D7ADE1C525C02E7EBD /* Pods_client.framework in Frameworks */,
			);
			runOnlyForDeploymentPostprocessing = 0;
		};
		754716BA1C2EE9A4004ABFC6 /* Frameworks */ = {
			isa = PBXFrameworksBuildPhase;
			buildActionMask = 2147483647;
			files = (
			);
			runOnlyForDeploymentPostprocessing = 0;
		};
		754716C51C2EE9A4004ABFC6 /* Frameworks */ = {
			isa = PBXFrameworksBuildPhase;
			buildActionMask = 2147483647;
			files = (
			);
			runOnlyForDeploymentPostprocessing = 0;
		};
/* End PBXFrameworksBuildPhase section */

/* Begin PBXGroup section */
		0B4B3BBFDE6918A36A4D51AB /* Frameworks */ = {
			isa = PBXGroup;
			children = (
				91F084971C735EB100BA3B80 /* FBSDKCoreKit.framework */,
				91F084981C735EB100BA3B80 /* FBSDKLoginKit.framework */,
				91F084991C735EB100BA3B80 /* FBSDKShareKit.framework */,
				696433BBBC6AFE543EE020A6 /* Pods_client.framework */,
			);
			name = Frameworks;
			sourceTree = "<group>";
		};
		7535772A1D1E848900B3B043 /* viewModels */ = {
			isa = PBXGroup;
			children = (
				7535772B1D1E849C00B3B043 /* StreamViewModel.swift */,
			);
			path = viewModels;
			sourceTree = "<group>";
		};
		7547169E1C2EE9A4004ABFC6 = {
			isa = PBXGroup;
			children = (
				754716A91C2EE9A4004ABFC6 /* client */,
				754716C01C2EE9A4004ABFC6 /* clientTests */,
				754716CB1C2EE9A4004ABFC6 /* clientUITests */,
				754716A81C2EE9A4004ABFC6 /* Products */,
				9218E10C4B5C03705DA9B541 /* Pods */,
				0B4B3BBFDE6918A36A4D51AB /* Frameworks */,
			);
			sourceTree = "<group>";
		};
		754716A81C2EE9A4004ABFC6 /* Products */ = {
			isa = PBXGroup;
			children = (
				754716A71C2EE9A4004ABFC6 /* LocusIdeas.app */,
				754716BD1C2EE9A4004ABFC6 /* clientTests.xctest */,
				754716C81C2EE9A4004ABFC6 /* clientUITests.xctest */,
			);
			name = Products;
			sourceTree = "<group>";
		};
		754716A91C2EE9A4004ABFC6 /* client */ = {
			isa = PBXGroup;
			children = (
				75BD35C21CFCBB4700804682 /* Services */,
				759B5CF51CF77D4C00BC6ACE /* Assembly */,
				91F084A41C7AFF5300BA3B80 /* MyProfile */,
				91954C8D1C6742AA001A0953 /* Profile */,
				91954C8C1C674296001A0953 /* Upload */,
				91954C8B1C67424C001A0953 /* Explore */,
				91FA8ABC1C609CEF0000F6A8 /* ProjectDetails */,
				91ECEC511C4948590010A352 /* Feed */,
				91F3C5F21C41680200BCE92D /* LaunchScreen */,
				75840D471C4157880075FA37 /* common */,
				91F784741C3FEBA4003ED6FA /* assets */,
				91FCB69D1C3CFB0800652E6B /* Auth */,
				754716AA1C2EE9A4004ABFC6 /* AppDelegate.swift */,
				754716B31C2EE9A4004ABFC6 /* Assets.xcassets */,
				754716B51C2EE9A4004ABFC6 /* LaunchScreen.storyboard */,
				754716B81C2EE9A4004ABFC6 /* Info.plist */,
				91FCB6A01C3CFEE500652E6B /* Main.storyboard */,
			);
			path = client;
			sourceTree = "<group>";
		};
		754716C01C2EE9A4004ABFC6 /* clientTests */ = {
			isa = PBXGroup;
			children = (
				754716C11C2EE9A4004ABFC6 /* clientTests.swift */,
				754716C31C2EE9A4004ABFC6 /* Info.plist */,
			);
			path = clientTests;
			sourceTree = "<group>";
		};
		754716CB1C2EE9A4004ABFC6 /* clientUITests */ = {
			isa = PBXGroup;
			children = (
				754716CC1C2EE9A4004ABFC6 /* clientUITests.swift */,
				754716CE1C2EE9A4004ABFC6 /* Info.plist */,
			);
			path = clientUITests;
			sourceTree = "<group>";
		};
		7555503C1C9D4D5200B734D8 /* AuthRequests */ = {
			isa = PBXGroup;
			children = (
				75F61E991C5377010042C765 /* EmailSignUpAuthRequestBody.swift */,
				75F61E951C53708D0042C765 /* EmailSignInAuthRequestBody.swift */,
				7555503D1C9D4D9D00B734D8 /* FacebookAuthRequestBody.swift */,
			);
			path = AuthRequests;
			sourceTree = "<group>";
		};
		7555503F1C9E64F100B734D8 /* UserModels */ = {
			isa = PBXGroup;
			children = (
				75F61E931C536ED80042C765 /* User.swift */,
				755550401C9E651700B734D8 /* Designer.swift */,
				755550441C9E7F6200B734D8 /* Office.swift */,
				755550461C9E88AF00B734D8 /* Phone.swift */,
			);
			path = UserModels;
			sourceTree = "<group>";
		};
		7555504A1C9E9FC900B734D8 /* UserRequests */ = {
			isa = PBXGroup;
			children = (
				7555504B1C9EA00000B734D8 /* UserFollowRequestBody.swift */,
				7555504D1C9EA0BA00B734D8 /* UserUnfollowRequestBody.swift */,
			);
			name = UserRequests;
			path = UserRequest;
			sourceTree = "<group>";
		};
		75623E101D1C6BE800C83C89 /* ProjectModels */ = {
			isa = PBXGroup;
			children = (
				75623E111D1C6BF100C83C89 /* Project.swift */,
				7535772F1D1E97C000B3B043 /* ProjectResponse.swift */,
			);
			path = ProjectModels;
			sourceTree = "<group>";
		};
		75623E131D1C6CE700C83C89 /* MediaModels */ = {
			isa = PBXGroup;
			children = (
				75623E141D1C6CF200C83C89 /* Media.swift */,
				75623E161D1C6E0900C83C89 /* MediaObject.swift */,
			);
			path = MediaModels;
			sourceTree = "<group>";
		};
		75840D471C4157880075FA37 /* common */ = {
			isa = PBXGroup;
			children = (
				91FA8A191C5F36D20000F6A8 /* Views */,
				75F61E921C536ECA0042C765 /* Models */,
				75F61E8F1C535EAE0042C765 /* Utils */,
				75840D481C4157880075FA37 /* Protocol */,
				75840D4A1C4157880075FA37 /* Requests */,
				75840D4C1C4157880075FA37 /* Router */,
			);
			path = common;
			sourceTree = "<group>";
		};
		75840D481C4157880075FA37 /* Protocol */ = {
			isa = PBXGroup;
			children = (
				75840D491C4157880075FA37 /* BaseRouterProtocol.swift */,
			);
			path = Protocol;
			sourceTree = "<group>";
		};
		75840D4A1C4157880075FA37 /* Requests */ = {
			isa = PBXGroup;
			children = (
				7555504A1C9E9FC900B734D8 /* UserRequests */,
				7555503C1C9D4D5200B734D8 /* AuthRequests */,
				75840D4B1C4157880075FA37 /* BaseRequestBody.swift */,
			);
			path = Requests;
			sourceTree = "<group>";
		};
		75840D4C1C4157880075FA37 /* Router */ = {
			isa = PBXGroup;
			children = (
				75840D4D1C4157880075FA37 /* BaseRouter.swift */,
				75F61E971C5371900042C765 /* AuthRouter.swift */,
				755550481C9E9B5300B734D8 /* UserRouter.swift */,
				753577281D1D8C2400B3B043 /* ProjectRouter.swift */,
			);
			path = Router;
			sourceTree = "<group>";
		};
		759B5CF51CF77D4C00BC6ACE /* Assembly */ = {
			isa = PBXGroup;
			children = (
				759B5CF61CF77D6300BC6ACE /* ApplicationAssembly.swift */,
			);
			path = Assembly;
			sourceTree = "<group>";
		};
		75BD35C21CFCBB4700804682 /* Services */ = {
			isa = PBXGroup;
			children = (
				75BD35C31CFCBB6600804682 /* AuthService.swift */,
				75BD35C51CFCC01600804682 /* UserService.swift */,
				75623E0C1D1C639B00C83C89 /* CloudinaryService.swift */,
				7535772D1D1E863700B3B043 /* ProjectService.swift */,
			);
			path = Services;
			sourceTree = "<group>";
		};
		75F61E8F1C535EAE0042C765 /* Utils */ = {
			isa = PBXGroup;
			children = (
				75F61E901C535EBE0042C765 /* NSUserDefaultsUtils.swift */,
				91954C851C64BF00001A0953 /* UIImage_Gradient.swift */,
				91954C871C64E51B001A0953 /* CAGradientLayer.swift */,
			);
			path = Utils;
			sourceTree = "<group>";
		};
		75F61E921C536ECA0042C765 /* Models */ = {
			isa = PBXGroup;
			children = (
				75623E131D1C6CE700C83C89 /* MediaModels */,
				75623E101D1C6BE800C83C89 /* ProjectModels */,
				7555503F1C9E64F100B734D8 /* UserModels */,
			);
			path = Models;
			sourceTree = "<group>";
		};
		91954C8B1C67424C001A0953 /* Explore */ = {
			isa = PBXGroup;
			children = (
				91954C8E1C675151001A0953 /* ExploreTableViewController.swift */,
				91954C941C678986001A0953 /* ExploreDesignersCard.xib */,
				91954C961C678A0B001A0953 /* ExploreDesignersCard.swift */,
			);
			path = Explore;
			sourceTree = "<group>";
		};
		91954C8C1C674296001A0953 /* Upload */ = {
			isa = PBXGroup;
			children = (
				91954C901C675A49001A0953 /* UploadTableViewController.swift */,
			);
			path = Upload;
			sourceTree = "<group>";
		};
		91954C8D1C6742AA001A0953 /* Profile */ = {
			isa = PBXGroup;
			children = (
				C5376CE21D1ECBB60003A531 /* DesignerLinksCard.swift */,
				C5376CE31D1ECBB60003A531 /* DesignerLinksCard.xib */,
				C5376CE41D1ECBB60003A531 /* DesignerSkillsCard.swift */,
				C5376CE51D1ECBB60003A531 /* DesignerSkillsCard.xib */,
				C5376CE61D1ECBB60003A531 /* DesignerStatsCard.xib */,
				C5376CE71D1ECBB60003A531 /* DesignerStatsCard.swift */,
				C5376CE81D1ECBB60003A531 /* DesignerContactCard.swift */,
				C5376CE91D1ECBB60003A531 /* DesignerContactCard.xib */,
				91954C921C675BC9001A0953 /* DesignerProfileTableViewController.swift */,
				915C84621C6B842E00736AD3 /* DesignerProfileInfoCard.xib */,
				91F0849E1C7AEE9400BA3B80 /* DesignerProfileInfoCard.swift */,
				C5375B351CA7C9AE00AA5B06 /* ProjectHeaderView.xib */,
				C5375B371CA7CFC000AA5B06 /* ProjectHeaderView.swift */,
				C5E539311CC3660B006964EE /* DesignerInfoDetailView.xib */,
				C5D0C8CD1CC7608400FAAD40 /* DesignerInfoDetailTableViewController.swift */,
				C5D0C8CF1CC7664500FAAD40 /* DesignerWorkExperienceHeaderView.xib */,
				C5D0C8D11CC76FE500FAAD40 /* DesignerWorkExperienceHeaderView.swift */,
				C540533D1CCA6F1F006DA888 /* DesignerWorkExpCard.xib */,
				C540533F1CCA6F65006DA888 /* DesignerWorkExpCard.swift */,
			);
			path = Profile;
			sourceTree = "<group>";
		};
		91ECEC511C4948590010A352 /* Feed */ = {
			isa = PBXGroup;
			children = (
				7535772A1D1E848900B3B043 /* viewModels */,
				91ECEC521C4A22E80010A352 /* StreamDesignCard.xib */,
				91ECEC541C4FC6760010A352 /* StreamDesignCard.swift */,
				91ECEC561C4FDB8A0010A352 /* StreamTableViewController.swift */,
			);
			path = Feed;
			sourceTree = "<group>";
		};
		91F084A41C7AFF5300BA3B80 /* MyProfile */ = {
			isa = PBXGroup;
			children = (
				91F084A51C7AFF6500BA3B80 /* MyProfileViewController.swift */,
			);
			path = MyProfile;
			sourceTree = "<group>";
		};
		91F3C5F21C41680200BCE92D /* LaunchScreen */ = {
			isa = PBXGroup;
			children = (
				918650261C455F1200202F71 /* LaunchScreenContentViewController.swift */,
				918650281C45866700202F71 /* LaunchScreenViewController.swift */,
			);
			name = LaunchScreen;
			sourceTree = "<group>";
		};
		91F784741C3FEBA4003ED6FA /* assets */ = {
			isa = PBXGroup;
			children = (
				91954C891C672C73001A0953 /* Lobster.otf */,
				91C1B9091C41466300CF0ABC /* Asap-Bold.otf */,
				91C1B90A1C41466300CF0ABC /* Asap-BoldItalic.otf */,
				91C1B90B1C41466300CF0ABC /* Asap-Italic.otf */,
				91C1B90C1C41466300CF0ABC /* Asap-Medium.otf */,
				91C1B90D1C41466300CF0ABC /* Asap-MediumItalic.otf */,
				91C1B90E1C41466300CF0ABC /* Asap-Regular.otf */,
				91C1B90F1C41466300CF0ABC /* CoveredByYourGrace.ttf */,
				91C1B9101C41466300CF0ABC /* fontawesome-webfont.ttf */,
				91C1B9111C41466300CF0ABC /* materialdesignicons-webfont (1).ttf */,
				91C1B9121C41466300CF0ABC /* Montserrat-Black.otf */,
				91C1B9131C41466300CF0ABC /* Montserrat-Bold.otf */,
				91C1B9141C41466300CF0ABC /* Montserrat-ExtraBold.otf */,
				91C1B9151C41466300CF0ABC /* Montserrat-Hairline.otf */,
				91C1B9161C41466300CF0ABC /* Montserrat-Light.otf */,
				91C1B9171C41466300CF0ABC /* Montserrat-Regular.otf */,
				91C1B9181C41466300CF0ABC /* Montserrat-SemiBold.otf */,
				91C1B9191C41466300CF0ABC /* Montserrat-UltraLight.otf */,
				91C1B9071C412BBE00CF0ABC /* FontAwesome.swift */,
			);
			name = assets;
			sourceTree = "<group>";
		};
		91FA8A191C5F36D20000F6A8 /* Views */ = {
			isa = PBXGroup;
			children = (
				91FA8ABA1C5F37250000F6A8 /* ShadowedContainerView.swift */,
			);
			path = Views;
			sourceTree = "<group>";
		};
		91FA8ABC1C609CEF0000F6A8 /* ProjectDetails */ = {
			isa = PBXGroup;
			children = (
				91FA8ABD1C609D3C0000F6A8 /* ProjectInfo.xib */,
				91FA8ABF1C60A27A0000F6A8 /* ProjectInfo.swift */,
				91FA8AC11C60ACDB0000F6A8 /* ProjectDetailsTableViewController.swift */,
				91954C791C60D60E001A0953 /* ProjectDescription.xib */,
				91954C7B1C60D67E001A0953 /* ProjectDescription.swift */,
				91954C7D1C632150001A0953 /* ProjectGalleryCell.xib */,
				91954C7F1C638A92001A0953 /* ProjectGalleryCell.swift */,
			);
			path = ProjectDetails;
			sourceTree = "<group>";
		};
		91FCB69D1C3CFB0800652E6B /* Auth */ = {
			isa = PBXGroup;
			children = (
				91FCB69E1C3CFB9100652E6B /* SignInViewController.swift */,
				91FCB6A21C3D3D6400652E6B /* SignUpViewController.swift */,
			);
			name = Auth;
			sourceTree = "<group>";
		};
		9218E10C4B5C03705DA9B541 /* Pods */ = {
			isa = PBXGroup;
			children = (
				CA8B46F8B61DD6BE6AC7D716 /* Pods-client.debug.xcconfig */,
				17E14FAD8DA6411C3F5A3DC7 /* Pods-client.release.xcconfig */,
			);
			name = Pods;
			sourceTree = "<group>";
		};
/* End PBXGroup section */

/* Begin PBXNativeTarget section */
		754716A61C2EE9A4004ABFC6 /* client */ = {
			isa = PBXNativeTarget;
			buildConfigurationList = 754716D11C2EE9A4004ABFC6 /* Build configuration list for PBXNativeTarget "client" */;
			buildPhases = (
				9D5FEA90990FEE3521D2CB1F /* Check Pods Manifest.lock */,
				754716A31C2EE9A4004ABFC6 /* Sources */,
				754716A41C2EE9A4004ABFC6 /* Frameworks */,
				754716A51C2EE9A4004ABFC6 /* Resources */,
				8F92D50D2FCF2728DA96CCFF /* Embed Pods Frameworks */,
				0B6990C75538516B58343C9B /* Copy Pods Resources */,
			);
			buildRules = (
			);
			dependencies = (
			);
			name = client;
			productName = client;
			productReference = 754716A71C2EE9A4004ABFC6 /* LocusIdeas.app */;
			productType = "com.apple.product-type.application";
		};
		754716BC1C2EE9A4004ABFC6 /* clientTests */ = {
			isa = PBXNativeTarget;
			buildConfigurationList = 754716D41C2EE9A4004ABFC6 /* Build configuration list for PBXNativeTarget "clientTests" */;
			buildPhases = (
				754716B91C2EE9A4004ABFC6 /* Sources */,
				754716BA1C2EE9A4004ABFC6 /* Frameworks */,
				754716BB1C2EE9A4004ABFC6 /* Resources */,
			);
			buildRules = (
			);
			dependencies = (
				754716BF1C2EE9A4004ABFC6 /* PBXTargetDependency */,
			);
			name = clientTests;
			productName = clientTests;
			productReference = 754716BD1C2EE9A4004ABFC6 /* clientTests.xctest */;
			productType = "com.apple.product-type.bundle.unit-test";
		};
		754716C71C2EE9A4004ABFC6 /* clientUITests */ = {
			isa = PBXNativeTarget;
			buildConfigurationList = 754716D71C2EE9A4004ABFC6 /* Build configuration list for PBXNativeTarget "clientUITests" */;
			buildPhases = (
				754716C41C2EE9A4004ABFC6 /* Sources */,
				754716C51C2EE9A4004ABFC6 /* Frameworks */,
				754716C61C2EE9A4004ABFC6 /* Resources */,
			);
			buildRules = (
			);
			dependencies = (
				754716CA1C2EE9A4004ABFC6 /* PBXTargetDependency */,
			);
			name = clientUITests;
			productName = clientUITests;
			productReference = 754716C81C2EE9A4004ABFC6 /* clientUITests.xctest */;
			productType = "com.apple.product-type.bundle.ui-testing";
		};
/* End PBXNativeTarget section */

/* Begin PBXProject section */
		7547169F1C2EE9A4004ABFC6 /* Project object */ = {
			isa = PBXProject;
			attributes = {
				LastSwiftUpdateCheck = 0710;
				LastUpgradeCheck = 0710;
				ORGANIZATIONNAME = LocusIdeas;
				TargetAttributes = {
					754716A61C2EE9A4004ABFC6 = {
						CreatedOnToolsVersion = 7.1;
					};
					754716BC1C2EE9A4004ABFC6 = {
						CreatedOnToolsVersion = 7.1;
						TestTargetID = 754716A61C2EE9A4004ABFC6;
					};
					754716C71C2EE9A4004ABFC6 = {
						CreatedOnToolsVersion = 7.1;
						TestTargetID = 754716A61C2EE9A4004ABFC6;
					};
				};
			};
			buildConfigurationList = 754716A21C2EE9A4004ABFC6 /* Build configuration list for PBXProject "client" */;
			compatibilityVersion = "Xcode 3.2";
			developmentRegion = English;
			hasScannedForEncodings = 0;
			knownRegions = (
				en,
				Base,
			);
			mainGroup = 7547169E1C2EE9A4004ABFC6;
			productRefGroup = 754716A81C2EE9A4004ABFC6 /* Products */;
			projectDirPath = "";
			projectRoot = "";
			targets = (
				754716A61C2EE9A4004ABFC6 /* client */,
				754716BC1C2EE9A4004ABFC6 /* clientTests */,
				754716C71C2EE9A4004ABFC6 /* clientUITests */,
			);
		};
/* End PBXProject section */

/* Begin PBXResourcesBuildPhase section */
		754716A51C2EE9A4004ABFC6 /* Resources */ = {
			isa = PBXResourcesBuildPhase;
			buildActionMask = 2147483647;
			files = (
				91954C7A1C60D60E001A0953 /* ProjectDescription.xib in Resources */,
				91C1B9251C41466300CF0ABC /* Montserrat-ExtraBold.otf in Resources */,
				C5376CED1D1ECBB60003A531 /* DesignerSkillsCard.xib in Resources */,
				91C1B9211C41466300CF0ABC /* fontawesome-webfont.ttf in Resources */,
				C540533E1CCA6F1F006DA888 /* DesignerWorkExpCard.xib in Resources */,
				91C1B9291C41466300CF0ABC /* Montserrat-SemiBold.otf in Resources */,
				91C1B9271C41466300CF0ABC /* Montserrat-Light.otf in Resources */,
				91C1B92A1C41466300CF0ABC /* Montserrat-UltraLight.otf in Resources */,
				91C1B9201C41466300CF0ABC /* CoveredByYourGrace.ttf in Resources */,
				91FCB6A11C3CFEE500652E6B /* Main.storyboard in Resources */,
				91C1B91B1C41466300CF0ABC /* Asap-BoldItalic.otf in Resources */,
				91C1B9221C41466300CF0ABC /* materialdesignicons-webfont (1).ttf in Resources */,
				915C84631C6B842E00736AD3 /* DesignerProfileInfoCard.xib in Resources */,
				C5376CF11D1ECBB60003A531 /* DesignerContactCard.xib in Resources */,
				91FA8ABE1C609D3C0000F6A8 /* ProjectInfo.xib in Resources */,
				91C1B9261C41466300CF0ABC /* Montserrat-Hairline.otf in Resources */,
				C5D0C8D01CC7664500FAAD40 /* DesignerWorkExperienceHeaderView.xib in Resources */,
				C5E539321CC3660B006964EE /* DesignerInfoDetailView.xib in Resources */,
				C5375B361CA7C9AE00AA5B06 /* ProjectHeaderView.xib in Resources */,
				91C1B91D1C41466300CF0ABC /* Asap-Medium.otf in Resources */,
				C5376CEB1D1ECBB60003A531 /* DesignerLinksCard.xib in Resources */,
				C5376CEE1D1ECBB60003A531 /* DesignerStatsCard.xib in Resources */,
				91C1B91F1C41466300CF0ABC /* Asap-Regular.otf in Resources */,
				91954C7E1C632150001A0953 /* ProjectGalleryCell.xib in Resources */,
				754716B71C2EE9A4004ABFC6 /* LaunchScreen.storyboard in Resources */,
				754716B41C2EE9A4004ABFC6 /* Assets.xcassets in Resources */,
				91C1B9241C41466300CF0ABC /* Montserrat-Bold.otf in Resources */,
				91C1B9231C41466300CF0ABC /* Montserrat-Black.otf in Resources */,
				91C1B91E1C41466300CF0ABC /* Asap-MediumItalic.otf in Resources */,
				91954C951C678986001A0953 /* ExploreDesignersCard.xib in Resources */,
				91C1B91C1C41466300CF0ABC /* Asap-Italic.otf in Resources */,
				91954C8A1C672C73001A0953 /* Lobster.otf in Resources */,
				91C1B91A1C41466300CF0ABC /* Asap-Bold.otf in Resources */,
				91ECEC531C4A22E80010A352 /* StreamDesignCard.xib in Resources */,
				91C1B9281C41466300CF0ABC /* Montserrat-Regular.otf in Resources */,
			);
			runOnlyForDeploymentPostprocessing = 0;
		};
		754716BB1C2EE9A4004ABFC6 /* Resources */ = {
			isa = PBXResourcesBuildPhase;
			buildActionMask = 2147483647;
			files = (
			);
			runOnlyForDeploymentPostprocessing = 0;
		};
		754716C61C2EE9A4004ABFC6 /* Resources */ = {
			isa = PBXResourcesBuildPhase;
			buildActionMask = 2147483647;
			files = (
			);
			runOnlyForDeploymentPostprocessing = 0;
		};
/* End PBXResourcesBuildPhase section */

/* Begin PBXShellScriptBuildPhase section */
		0B6990C75538516B58343C9B /* Copy Pods Resources */ = {
			isa = PBXShellScriptBuildPhase;
			buildActionMask = 2147483647;
			files = (
			);
			inputPaths = (
			);
			name = "Copy Pods Resources";
			outputPaths = (
			);
			runOnlyForDeploymentPostprocessing = 0;
			shellPath = /bin/sh;
			shellScript = "\"${SRCROOT}/Pods/Target Support Files/Pods-client/Pods-client-resources.sh\"\n";
			showEnvVarsInLog = 0;
		};
		8F92D50D2FCF2728DA96CCFF /* Embed Pods Frameworks */ = {
			isa = PBXShellScriptBuildPhase;
			buildActionMask = 2147483647;
			files = (
			);
			inputPaths = (
			);
			name = "Embed Pods Frameworks";
			outputPaths = (
			);
			runOnlyForDeploymentPostprocessing = 0;
			shellPath = /bin/sh;
			shellScript = "\"${SRCROOT}/Pods/Target Support Files/Pods-client/Pods-client-frameworks.sh\"\n";
			showEnvVarsInLog = 0;
		};
		9D5FEA90990FEE3521D2CB1F /* Check Pods Manifest.lock */ = {
			isa = PBXShellScriptBuildPhase;
			buildActionMask = 2147483647;
			files = (
			);
			inputPaths = (
			);
			name = "Check Pods Manifest.lock";
			outputPaths = (
			);
			runOnlyForDeploymentPostprocessing = 0;
			shellPath = /bin/sh;
			shellScript = "diff \"${PODS_ROOT}/../Podfile.lock\" \"${PODS_ROOT}/Manifest.lock\" > /dev/null\nif [[ $? != 0 ]] ; then\n    cat << EOM\nerror: The sandbox is not in sync with the Podfile.lock. Run 'pod install' or update your CocoaPods installation.\nEOM\n    exit 1\nfi\n";
			showEnvVarsInLog = 0;
		};
/* End PBXShellScriptBuildPhase section */

/* Begin PBXSourcesBuildPhase section */
		754716A31C2EE9A4004ABFC6 /* Sources */ = {
			isa = PBXSourcesBuildPhase;
			buildActionMask = 2147483647;
			files = (
				91954C971C678A0B001A0953 /* ExploreDesignersCard.swift in Sources */,
				C5D0C8D21CC76FE500FAAD40 /* DesignerWorkExperienceHeaderView.swift in Sources */,
				C5376CEA1D1ECBB60003A531 /* DesignerLinksCard.swift in Sources */,
				C5376CF01D1ECBB60003A531 /* DesignerContactCard.swift in Sources */,
				C5376CEC1D1ECBB60003A531 /* DesignerSkillsCard.swift in Sources */,
				91FA8AC21C60ACDB0000F6A8 /* ProjectDetailsTableViewController.swift in Sources */,
				91C1B9081C412BBE00CF0ABC /* FontAwesome.swift in Sources */,
				91FA8AC01C60A27A0000F6A8 /* ProjectInfo.swift in Sources */,
				91ECEC571C4FDB8A0010A352 /* StreamTableViewController.swift in Sources */,
				75623E151D1C6CF200C83C89 /* Media.swift in Sources */,
				C5D0C8CE1CC7608400FAAD40 /* DesignerInfoDetailTableViewController.swift in Sources */,
				91ECEC551C4FC6760010A352 /* StreamDesignCard.swift in Sources */,
				75623E121D1C6BF100C83C89 /* Project.swift in Sources */,
				755550411C9E651700B734D8 /* Designer.swift in Sources */,
				91FCB6A31C3D3D6400652E6B /* SignUpViewController.swift in Sources */,
				C5376CEF1D1ECBB60003A531 /* DesignerStatsCard.swift in Sources */,
				91954C7C1C60D67E001A0953 /* ProjectDescription.swift in Sources */,
				75840D501C4157880075FA37 /* BaseRouter.swift in Sources */,
				753577301D1E97C000B3B043 /* ProjectResponse.swift in Sources */,
				755550471C9E88B000B734D8 /* Phone.swift in Sources */,
				7535772E1D1E863700B3B043 /* ProjectService.swift in Sources */,
				91954C931C675BC9001A0953 /* DesignerProfileTableViewController.swift in Sources */,
				91954C801C638A92001A0953 /* ProjectGalleryCell.swift in Sources */,
				91954C861C64BF00001A0953 /* UIImage_Gradient.swift in Sources */,
				91FCB69F1C3CFB9100652E6B /* SignInViewController.swift in Sources */,
				91954C881C64E51B001A0953 /* CAGradientLayer.swift in Sources */,
				7535772C1D1E849C00B3B043 /* StreamViewModel.swift in Sources */,
				75BD35C61CFCC01600804682 /* UserService.swift in Sources */,
				759B5CF71CF77D6300BC6ACE /* ApplicationAssembly.swift in Sources */,
				753577291D1D8C2400B3B043 /* ProjectRouter.swift in Sources */,
				7555504E1C9EA0BA00B734D8 /* UserUnfollowRequestBody.swift in Sources */,
				75840D4E1C4157880075FA37 /* BaseRouterProtocol.swift in Sources */,
				91F084A61C7AFF6500BA3B80 /* MyProfileViewController.swift in Sources */,
				91F0849F1C7AEE9400BA3B80 /* DesignerProfileInfoCard.swift in Sources */,
				75F61E941C536ED80042C765 /* User.swift in Sources */,
				C54053401CCA6F65006DA888 /* DesignerWorkExpCard.swift in Sources */,
				755550451C9E7F6200B734D8 /* Office.swift in Sources */,
				C5375B381CA7CFC000AA5B06 /* ProjectHeaderView.swift in Sources */,
				75BD35C41CFCBB6600804682 /* AuthService.swift in Sources */,
				75F61E911C535EBE0042C765 /* NSUserDefaultsUtils.swift in Sources */,
				91FA8ABB1C5F37250000F6A8 /* ShadowedContainerView.swift in Sources */,
				75623E171D1C6E0900C83C89 /* MediaObject.swift in Sources */,
				75840D4F1C4157880075FA37 /* BaseRequestBody.swift in Sources */,
				75F61E9A1C5377010042C765 /* EmailSignUpAuthRequestBody.swift in Sources */,
				91954C8F1C675151001A0953 /* ExploreTableViewController.swift in Sources */,
				75F61E981C5371900042C765 /* AuthRouter.swift in Sources */,
				754716AB1C2EE9A4004ABFC6 /* AppDelegate.swift in Sources */,
				7555503E1C9D4D9D00B734D8 /* FacebookAuthRequestBody.swift in Sources */,
				918650291C45866700202F71 /* LaunchScreenViewController.swift in Sources */,
				75F61E961C53708D0042C765 /* EmailSignInAuthRequestBody.swift in Sources */,
				755550491C9E9B5300B734D8 /* UserRouter.swift in Sources */,
				7555504C1C9EA00000B734D8 /* UserFollowRequestBody.swift in Sources */,
				75623E0D1D1C639B00C83C89 /* CloudinaryService.swift in Sources */,
				91954C911C675A49001A0953 /* UploadTableViewController.swift in Sources */,
				918650271C455F1200202F71 /* LaunchScreenContentViewController.swift in Sources */,
			);
			runOnlyForDeploymentPostprocessing = 0;
		};
		754716B91C2EE9A4004ABFC6 /* Sources */ = {
			isa = PBXSourcesBuildPhase;
			buildActionMask = 2147483647;
			files = (
				754716C21C2EE9A4004ABFC6 /* clientTests.swift in Sources */,
			);
			runOnlyForDeploymentPostprocessing = 0;
		};
		754716C41C2EE9A4004ABFC6 /* Sources */ = {
			isa = PBXSourcesBuildPhase;
			buildActionMask = 2147483647;
			files = (
				754716CD1C2EE9A4004ABFC6 /* clientUITests.swift in Sources */,
			);
			runOnlyForDeploymentPostprocessing = 0;
		};
/* End PBXSourcesBuildPhase section */

/* Begin PBXTargetDependency section */
		754716BF1C2EE9A4004ABFC6 /* PBXTargetDependency */ = {
			isa = PBXTargetDependency;
			target = 754716A61C2EE9A4004ABFC6 /* client */;
			targetProxy = 754716BE1C2EE9A4004ABFC6 /* PBXContainerItemProxy */;
		};
		754716CA1C2EE9A4004ABFC6 /* PBXTargetDependency */ = {
			isa = PBXTargetDependency;
			target = 754716A61C2EE9A4004ABFC6 /* client */;
			targetProxy = 754716C91C2EE9A4004ABFC6 /* PBXContainerItemProxy */;
		};
/* End PBXTargetDependency section */

/* Begin PBXVariantGroup section */
		754716B51C2EE9A4004ABFC6 /* LaunchScreen.storyboard */ = {
			isa = PBXVariantGroup;
			children = (
				754716B61C2EE9A4004ABFC6 /* Base */,
			);
			name = LaunchScreen.storyboard;
			sourceTree = "<group>";
		};
/* End PBXVariantGroup section */

/* Begin XCBuildConfiguration section */
		754716CF1C2EE9A4004ABFC6 /* Debug */ = {
			isa = XCBuildConfiguration;
			buildSettings = {
				ALWAYS_SEARCH_USER_PATHS = NO;
				CLANG_CXX_LANGUAGE_STANDARD = "gnu++0x";
				CLANG_CXX_LIBRARY = "libc++";
				CLANG_ENABLE_MODULES = YES;
				CLANG_ENABLE_OBJC_ARC = YES;
				CLANG_WARN_BOOL_CONVERSION = YES;
				CLANG_WARN_CONSTANT_CONVERSION = YES;
				CLANG_WARN_DIRECT_OBJC_ISA_USAGE = YES_ERROR;
				CLANG_WARN_EMPTY_BODY = YES;
				CLANG_WARN_ENUM_CONVERSION = YES;
				CLANG_WARN_INT_CONVERSION = YES;
				CLANG_WARN_OBJC_ROOT_CLASS = YES_ERROR;
				CLANG_WARN_UNREACHABLE_CODE = YES;
				CLANG_WARN__DUPLICATE_METHOD_MATCH = YES;
				"CODE_SIGN_IDENTITY[sdk=iphoneos*]" = "iPhone Developer";
				COPY_PHASE_STRIP = NO;
				DEBUG_INFORMATION_FORMAT = dwarf;
				ENABLE_STRICT_OBJC_MSGSEND = YES;
				ENABLE_TESTABILITY = YES;
				GCC_C_LANGUAGE_STANDARD = gnu99;
				GCC_DYNAMIC_NO_PIC = NO;
				GCC_NO_COMMON_BLOCKS = YES;
				GCC_OPTIMIZATION_LEVEL = 0;
				GCC_PREPROCESSOR_DEFINITIONS = (
					"DEBUG=1",
					"$(inherited)",
				);
				GCC_WARN_64_TO_32_BIT_CONVERSION = YES;
				GCC_WARN_ABOUT_RETURN_TYPE = YES_ERROR;
				GCC_WARN_UNDECLARED_SELECTOR = YES;
				GCC_WARN_UNINITIALIZED_AUTOS = YES_AGGRESSIVE;
				GCC_WARN_UNUSED_FUNCTION = YES;
				GCC_WARN_UNUSED_VARIABLE = YES;
				IPHONEOS_DEPLOYMENT_TARGET = 9.1;
				MTL_ENABLE_DEBUG_INFO = YES;
				ONLY_ACTIVE_ARCH = YES;
				OTHER_LDFLAGS = "-ObjC";
				SDKROOT = iphoneos;
				SWIFT_OPTIMIZATION_LEVEL = "-Onone";
				TARGETED_DEVICE_FAMILY = "1,2";
			};
			name = Debug;
		};
		754716D01C2EE9A4004ABFC6 /* Release */ = {
			isa = XCBuildConfiguration;
			buildSettings = {
				ALWAYS_SEARCH_USER_PATHS = NO;
				CLANG_CXX_LANGUAGE_STANDARD = "gnu++0x";
				CLANG_CXX_LIBRARY = "libc++";
				CLANG_ENABLE_MODULES = YES;
				CLANG_ENABLE_OBJC_ARC = YES;
				CLANG_WARN_BOOL_CONVERSION = YES;
				CLANG_WARN_CONSTANT_CONVERSION = YES;
				CLANG_WARN_DIRECT_OBJC_ISA_USAGE = YES_ERROR;
				CLANG_WARN_EMPTY_BODY = YES;
				CLANG_WARN_ENUM_CONVERSION = YES;
				CLANG_WARN_INT_CONVERSION = YES;
				CLANG_WARN_OBJC_ROOT_CLASS = YES_ERROR;
				CLANG_WARN_UNREACHABLE_CODE = YES;
				CLANG_WARN__DUPLICATE_METHOD_MATCH = YES;
				"CODE_SIGN_IDENTITY[sdk=iphoneos*]" = "iPhone Developer";
				COPY_PHASE_STRIP = NO;
				DEBUG_INFORMATION_FORMAT = "dwarf-with-dsym";
				ENABLE_NS_ASSERTIONS = NO;
				ENABLE_STRICT_OBJC_MSGSEND = YES;
				GCC_C_LANGUAGE_STANDARD = gnu99;
				GCC_NO_COMMON_BLOCKS = YES;
				GCC_WARN_64_TO_32_BIT_CONVERSION = YES;
				GCC_WARN_ABOUT_RETURN_TYPE = YES_ERROR;
				GCC_WARN_UNDECLARED_SELECTOR = YES;
				GCC_WARN_UNINITIALIZED_AUTOS = YES_AGGRESSIVE;
				GCC_WARN_UNUSED_FUNCTION = YES;
				GCC_WARN_UNUSED_VARIABLE = YES;
				IPHONEOS_DEPLOYMENT_TARGET = 9.1;
				MTL_ENABLE_DEBUG_INFO = NO;
				OTHER_LDFLAGS = "-ObjC";
				SDKROOT = iphoneos;
				TARGETED_DEVICE_FAMILY = "1,2";
				VALIDATE_PRODUCT = YES;
			};
			name = Release;
		};
		754716D21C2EE9A4004ABFC6 /* Debug */ = {
			isa = XCBuildConfiguration;
			baseConfigurationReference = CA8B46F8B61DD6BE6AC7D716 /* Pods-client.debug.xcconfig */;
			buildSettings = {
				ASSETCATALOG_COMPILER_APPICON_NAME = AppIcon;
				CODE_SIGN_IDENTITY = "iPhone Developer";
				FRAMEWORK_SEARCH_PATHS = (
					"$(PODS_ROOT)/**",
					"$(inherited)/**",
					"$(PROJECT_DIR)",
				);
				INFOPLIST_FILE = client/Info.plist;
				IPHONEOS_DEPLOYMENT_TARGET = 8.4;
				LD_RUNPATH_SEARCH_PATHS = "$(inherited) @executable_path/Frameworks";
				OTHER_LDFLAGS = "-ObjC";
				PRODUCT_BUNDLE_IDENTIFIER = com.locusideas.client;
				PRODUCT_NAME = LocusIdeas;
				SWIFT_OBJC_BRIDGING_HEADER = "";
			};
			name = Debug;
		};
		754716D31C2EE9A4004ABFC6 /* Release */ = {
			isa = XCBuildConfiguration;
			baseConfigurationReference = 17E14FAD8DA6411C3F5A3DC7 /* Pods-client.release.xcconfig */;
			buildSettings = {
				ASSETCATALOG_COMPILER_APPICON_NAME = AppIcon;
				CODE_SIGN_IDENTITY = "iPhone Developer";
				FRAMEWORK_SEARCH_PATHS = (
					"$(PODS_ROOT)/**",
					"$(inherited)/**",
					"$(PROJECT_DIR)",
				);
				INFOPLIST_FILE = client/Info.plist;
				IPHONEOS_DEPLOYMENT_TARGET = 8.4;
				LD_RUNPATH_SEARCH_PATHS = "$(inherited) @executable_path/Frameworks";
				OTHER_LDFLAGS = "-ObjC";
				PRODUCT_BUNDLE_IDENTIFIER = com.locusideas.client;
				PRODUCT_NAME = LocusIdeas;
				SWIFT_OBJC_BRIDGING_HEADER = "";
			};
			name = Release;
		};
		754716D51C2EE9A4004ABFC6 /* Debug */ = {
			isa = XCBuildConfiguration;
			buildSettings = {
				BUNDLE_LOADER = "$(TEST_HOST)";
				INFOPLIST_FILE = clientTests/Info.plist;
				LD_RUNPATH_SEARCH_PATHS = "$(inherited) @executable_path/Frameworks @loader_path/Frameworks";
				PRODUCT_BUNDLE_IDENTIFIER = com.locusideas.clientTests;
				PRODUCT_NAME = "$(TARGET_NAME)";
				TEST_HOST = "$(BUILT_PRODUCTS_DIR)/client.app/client";
			};
			name = Debug;
		};
		754716D61C2EE9A4004ABFC6 /* Release */ = {
			isa = XCBuildConfiguration;
			buildSettings = {
				BUNDLE_LOADER = "$(TEST_HOST)";
				INFOPLIST_FILE = clientTests/Info.plist;
				LD_RUNPATH_SEARCH_PATHS = "$(inherited) @executable_path/Frameworks @loader_path/Frameworks";
				PRODUCT_BUNDLE_IDENTIFIER = com.locusideas.clientTests;
				PRODUCT_NAME = "$(TARGET_NAME)";
				TEST_HOST = "$(BUILT_PRODUCTS_DIR)/client.app/client";
			};
			name = Release;
		};
		754716D81C2EE9A4004ABFC6 /* Debug */ = {
			isa = XCBuildConfiguration;
			buildSettings = {
				INFOPLIST_FILE = clientUITests/Info.plist;
				LD_RUNPATH_SEARCH_PATHS = "$(inherited) @executable_path/Frameworks @loader_path/Frameworks";
				PRODUCT_BUNDLE_IDENTIFIER = com.locusideas.clientUITests;
				PRODUCT_NAME = "$(TARGET_NAME)";
				TEST_TARGET_NAME = client;
				USES_XCTRUNNER = YES;
			};
			name = Debug;
		};
		754716D91C2EE9A4004ABFC6 /* Release */ = {
			isa = XCBuildConfiguration;
			buildSettings = {
				INFOPLIST_FILE = clientUITests/Info.plist;
				LD_RUNPATH_SEARCH_PATHS = "$(inherited) @executable_path/Frameworks @loader_path/Frameworks";
				PRODUCT_BUNDLE_IDENTIFIER = com.locusideas.clientUITests;
				PRODUCT_NAME = "$(TARGET_NAME)";
				TEST_TARGET_NAME = client;
				USES_XCTRUNNER = YES;
			};
			name = Release;
		};
/* End XCBuildConfiguration section */

/* Begin XCConfigurationList section */
		754716A21C2EE9A4004ABFC6 /* Build configuration list for PBXProject "client" */ = {
			isa = XCConfigurationList;
			buildConfigurations = (
				754716CF1C2EE9A4004ABFC6 /* Debug */,
				754716D01C2EE9A4004ABFC6 /* Release */,
			);
			defaultConfigurationIsVisible = 0;
			defaultConfigurationName = Release;
		};
		754716D11C2EE9A4004ABFC6 /* Build configuration list for PBXNativeTarget "client" */ = {
			isa = XCConfigurationList;
			buildConfigurations = (
				754716D21C2EE9A4004ABFC6 /* Debug */,
				754716D31C2EE9A4004ABFC6 /* Release */,
			);
			defaultConfigurationIsVisible = 0;
			defaultConfigurationName = Release;
		};
		754716D41C2EE9A4004ABFC6 /* Build configuration list for PBXNativeTarget "clientTests" */ = {
			isa = XCConfigurationList;
			buildConfigurations = (
				754716D51C2EE9A4004ABFC6 /* Debug */,
				754716D61C2EE9A4004ABFC6 /* Release */,
			);
			defaultConfigurationIsVisible = 0;
			defaultConfigurationName = Release;
		};
		754716D71C2EE9A4004ABFC6 /* Build configuration list for PBXNativeTarget "clientUITests" */ = {
			isa = XCConfigurationList;
			buildConfigurations = (
				754716D81C2EE9A4004ABFC6 /* Debug */,
				754716D91C2EE9A4004ABFC6 /* Release */,
			);
			defaultConfigurationIsVisible = 0;
			defaultConfigurationName = Release;
		};
/* End XCConfigurationList section */
	};
	rootObject = 7547169F1C2EE9A4004ABFC6 /* Project object */;
}
